Microsoft Visual Studio Solution File, Format Version 11.00
# Visual Studio 2008

Project("{CFB74F5C-CAC1-2235-EB88-E5A99699FA10}") = "BUOU LIFE", "Assembly-CSharp.csproj", "{C8F67955-2522-F8AB-5912-93C85C8819BD}"
EndProject
Project("{CFB74F5C-CAC1-2235-EB88-E5A99699FA10}") = "BUOU LIFE", "Assembly-CSharp-Editor.csproj", "{EE646AE7-DC3F-B0B2-7AAB-526C4C85E455}"
EndProject
Global
	GlobalSection(SolutionConfigurationPlatforms) = preSolution
		Debug|Any CPU = Debug|Any CPU
		Release|Any CPU = Release|Any CPU
	EndGlobalSection
	GlobalSection(ProjectConfigurationPlatforms) = postSolution
		{C8F67955-2522-F8AB-5912-93C85C8819BD}.Debug|Any CPU.ActiveCfg = Debug|Any CPU
		{C8F67955-2522-F8AB-5912-93C85C8819BD}.Debug|Any CPU.Build.0 = Debug|Any CPU
		{C8F67955-2522-F8AB-5912-93C85C8819BD}.Release|Any CPU.ActiveCfg = Release|Any CPU
		{C8F67955-2522-F8AB-5912-93C85C8819BD}.Release|Any CPU.Build.0 = Release|Any CPU
		{EE646AE7-DC3F-B0B2-7AAB-526C4C85E455}.Debug|Any CPU.ActiveCfg = Debug|Any CPU
		{EE646AE7-DC3F-B0B2-7AAB-526C4C85E455}.Debug|Any CPU.Build.0 = Debug|Any CPU
		{EE646AE7-DC3F-B0B2-7AAB-526C4C85E455}.Release|Any CPU.ActiveCfg = Release|Any CPU
		{EE646AE7-DC3F-B0B2-7AAB-526C4C85E455}.Release|Any CPU.Build.0 = Release|Any CPU
	EndGlobalSection
	GlobalSection(SolutionProperties) = preSolution
		HideSolutionNode = FALSE
	EndGlobalSection
											GlobalSection(MonoDevelopProperties) = preSolution
		StartupItem = Assembly-CSharp.csproj
		Policies = $0
		$0.TextStylePolicy = $1
		$1.inheritsSet = null
		$1.scope = text/x-csharp
		$0.CSharpFormattingPolicy = $2
		$2.inheritsSet = Mono
		$2.inheritsScope = text/x-csharp
		$2.scope = text/x-csharp
		$0.TextStylePolicy = $3
		$3.FileWidth = 120
		$3.TabWidth = 4
		$3.IndentWidth = 4
		$3.EolMarker = Unix
		$3.inheritsSet = Mono
		$3.inheritsScope = text/plain
		$3.scope = text/plain
	EndGlobalSection

EndGlobal
